// !$*UTF8*$!
{
	archiveVersion = 1;
	classes = {
	};
	objectVersion = 46;
	objects = {

/* Begin PBXGroup section */
		6AC83F901BA9779C00F7E6C5 = {
			isa = PBXGroup;
			children = (
			);
			sourceTree = "<group>";
		};
/* End PBXGroup section */

/* Begin PBXProject section */
		6AC83F911BA9779C00F7E6C5 /* Project object */ = {
			isa = PBXProject;
			attributes = {
				LastUpgradeCheck = 0620;
			};
			buildConfigurationList = 6AC83F941BA9779C00F7E6C5 /* Build configuration list for PBXProject "ShellScripting" */;
			compatibilityVersion = "Xcode 3.2";
			developmentRegion = English;
			hasScannedForEncodings = 0;
			knownRegions = (
				en,
			);
			mainGroup = 6AC83F901BA9779C00F7E6C5;
			projectDirPath = "";
			projectRoot = "";
			targets = (
			);
		};
/* End PBXProject section */

/* Begin XCBuildConfiguration section */
		6AC83F951BA9779C00F7E6C5 /* Debug */ = {
			isa = XCBuildConfiguration;
			buildSettings = {
			};
			name = Debug;
		};
		6AC83F961BA9779C00F7E6C5 /* Release */ = {
			isa = XCBuildConfiguration;
			buildSettings = {
			};
			name = Release;
		};
/* End XCBuildConfiguration section */

/* Begin XCConfigurationList section */
		6AC83F941BA9779C00F7E6C5 /* Build configuration list for PBXProject "ShellScripting" */ = {
			isa = XCConfigurationList;
			buildConfigurations = (
				6AC83F951BA9779C00F7E6C5 /* Debug */,
				6AC83F961BA9779C00F7E6C5 /* Release */,
			);
			defaultConfigurationIsVisible = 0;
			defaultConfigurationName = Release;
		};
/* End XCConfigurationList section */
	};
	rootObject = 6AC83F911BA9779C00F7E6C5 /* Project object */;
}
