// !$*UTF8*$!
{
	archiveVersion = 1;
	classes = {
	};
	objectVersion = 46;
	objects = {

/* Begin PBXFileReference section */
		6AC83F971BA977AC00F7E6C5 /* common */ = {isa = PBXFileReference; lastKnownFileType = text; path = common; sourceTree = "<group>"; };
		6AC83F981BA977AC00F7E6C5 /* myip */ = {isa = PBXFileReference; lastKnownFileType = text; path = myip; sourceTree = "<group>"; };
		6AC83F991BA977AC00F7E6C5 /* pipes */ = {isa = PBXFileReference; lastKnownFileType = text; path = pipes; sourceTree = "<group>"; };
		6AC83F9A1BA977AC00F7E6C5 /* uncommon */ = {isa = PBXFileReference; lastKnownFileType = text; path = uncommon; sourceTree = "<group>"; };
/* End PBXFileReference section */

/* Begin PBXGroup section */
		6AC83F901BA9779C00F7E6C5 = {
			isa = PBXGroup;
			children = (
				6AC83F971BA977AC00F7E6C5 /* common */,
				6AC83F981BA977AC00F7E6C5 /* myip */,
				6AC83F991BA977AC00F7E6C5 /* pipes */,
				6AC83F9A1BA977AC00F7E6C5 /* uncommon */,
			);
			sourceTree = "<group>";
		};
/* End PBXGroup section */

/* Begin PBXProject section */
		6AC83F911BA9779C00F7E6C5 /* Project object */ = {
			isa = PBXProject;
			attributes = {
				LastUpgradeCheck = 0620;
			};
			buildConfigurationList = 6AC83F941BA9779C00F7E6C5 /* Build configuration list for PBXProject "ShellScripting" */;
			compatibilityVersion = "Xcode 3.2";
			developmentRegion = English;
			hasScannedForEncodings = 0;
			knownRegions = (
				en,
			);
			mainGroup = 6AC83F901BA9779C00F7E6C5;
			projectDirPath = "";
			projectRoot = "";
			targets = (
			);
		};
/* End PBXProject section */

/* Begin XCBuildConfiguration section */
		6AC83F951BA9779C00F7E6C5 /* Debug */ = {
			isa = XCBuildConfiguration;
			buildSettings = {
			};
			name = Debug;
		};
		6AC83F961BA9779C00F7E6C5 /* Release */ = {
			isa = XCBuildConfiguration;
			buildSettings = {
			};
			name = Release;
		};
/* End XCBuildConfiguration section */

/* Begin XCConfigurationList section */
		6AC83F941BA9779C00F7E6C5 /* Build configuration list for PBXProject "ShellScripting" */ = {
			isa = XCConfigurationList;
			buildConfigurations = (
				6AC83F951BA9779C00F7E6C5 /* Debug */,
				6AC83F961BA9779C00F7E6C5 /* Release */,
			);
			defaultConfigurationIsVisible = 0;
			defaultConfigurationName = Release;
		};
/* End XCConfigurationList section */
	};
	rootObject = 6AC83F911BA9779C00F7E6C5 /* Project object */;
}
